lockfileVersion: '9.0'

settings:
  autoInstallPeers: true
  excludeLinksFromLockfile: false

importers:

  .:
    dependencies:
      child_process:
        specifier: ^1.0.2
        version: 1.0.2
      fs:
        specifier: ^0.0.1-security
        version: 0.0.1-security
      http:
        specifier: ^0.0.1-security
        version: 0.0.1-security
      path:
        specifier: ^0.12.7
        version: 0.12.7
      ws:
        specifier: ^8.18.3
        version: 8.18.3

packages:

  child_process@1.0.2:
    resolution: {integrity: sha512-Wmza/JzL0SiWz7kl6MhIKT5ceIlnFPJX+lwUGj7Clhy5MMldsSoJR0+uvRzOS5Kv45Mq7t1PoE8TsOA9bzvb6g==}

  fs@0.0.1-security:
    resolution: {integrity: sha512-3XY9e1pP0CVEUCdj5BmfIZxRBTSDycnbqhIOGec9QYtmVH2fbLpj86CFWkrNOkt/Fvty4KZG5lTglL9j/gJ87w==}

  http@0.0.1-security:
    resolution: {integrity: sha512-RnDvP10Ty9FxqOtPZuxtebw1j4L/WiqNMDtuc1YMH1XQm5TgDRaR1G9u8upL6KD1bXHSp9eSXo/ED+8Q7FAr+g==}

  inherits@2.0.3:
    resolution: {integrity: sha512-x00IRNXNy63jwGkJmzPigoySHbaqpNuzKbBOmzK+g2OdZpQ9w+sxCN+VSB3ja7IAge2OP2qpfxTjeNcyjmW1uw==}

  path@0.12.7:
    resolution: {integrity: sha512-aXXC6s+1w7otVF9UletFkFcDsJeO7lSZBPUQhtb5O0xJe8LtYhj/GxldoL09bBj9+ZmE2hNoHqQSFMN5fikh4Q==}

  process@0.11.10:
    resolution: {integrity: sha512-cdGef/drWFoydD1JsMzuFf8100nZl+GT+yacc2bEced5f9Rjk4z+WtFUTBu9PhOi9j/jfmBPu0mMEY4wIdAF8A==}
    engines: {node: '>= 0.6.0'}

  util@0.10.4:
    resolution: {integrity: sha512-0Pm9hTQ3se5ll1XihRic3FDIku70C+iHUdT/W926rSgHV5QgXsYbKZN8MSC3tJtSkhuROzvsQjAaFENRXr+19A==}

  ws@8.18.3:
    resolution: {integrity: sha512-PEIGCY5tSlUt50cqyMXfCzX+oOPqN0vuGqWzbcJ2xvnkzkq46oOpz7dQaTDBdfICb4N14+GARUDw2XV2N4tvzg==}
    engines: {node: '>=10.0.0'}
    peerDependencies:
      bufferutil: ^4.0.1
      utf-8-validate: '>=5.0.2'
    peerDependenciesMeta:
      bufferutil:
        optional: true
      utf-8-validate:
        optional: true

snapshots:

  child_process@1.0.2: {}

  fs@0.0.1-security: {}

  http@0.0.1-security: {}

  inherits@2.0.3: {}

  path@0.12.7:
    dependencies:
      process: 0.11.10
      util: 0.10.4

  process@0.11.10: {}

  util@0.10.4:
    dependencies:
      inherits: 2.0.3

  ws@8.18.3: {}
